# generated by rye
# use `rye lock` or `rye sync` to update this lockfile
#
# last locked with the following flags:
#   pre: false
#   features: []
#   all-features: false
#   with-sources: false
#   generate-hashes: false

-e file:.
ciw==3.2.1
    # via hciw
networkx==3.3
    # via ciw
numpy==2.0.0
    # via ciw
setuptools==70.2.0
    # via ciw
tqdm==4.66.4
    # via ciw
